
Microsoft Visual Studio Solution File, Format Version 12.00
# Visual Studio 15
VisualStudioVersion = 15.0.27130.2026
MinimumVisualStudioVersion = 10.0.40219.1
Project("{FAE04EC0-301F-11D3-BF4B-00C04F79EFBC}") = "Lan Chat", "Lan Chat\Lan Chat.csproj", "{A4D828CC-597C-4E0E-A247-DDFF96C8D8E8}"
EndProject
Global
	GlobalSection(SolutionConfigurationPlatforms) = preSolution
		Debug|Any CPU = Debug|Any CPU
		Release|Any CPU = Release|Any CPU
	EndGlobalSection
	GlobalSection(ProjectConfigurationPlatforms) = postSolution
		{A4D828CC-597C-4E0E-A247-DDFF96C8D8E8}.Debug|Any CPU.ActiveCfg = Debug|Any CPU
		{A4D828CC-597C-4E0E-A247-DDFF96C8D8E8}.Debug|Any CPU.Build.0 = Debug|Any CPU
		{A4D828CC-597C-4E0E-A247-DDFF96C8D8E8}.Release|Any CPU.ActiveCfg = Release|Any CPU
		{A4D828CC-597C-4E0E-A247-DDFF96C8D8E8}.Release|Any CPU.Build.0 = Release|Any CPU
	EndGlobalSection
	GlobalSection(SolutionProperties) = preSolution
		HideSolutionNode = FALSE
	EndGlobalSection
	GlobalSection(ExtensibilityGlobals) = postSolution
		SolutionGuid = {F3BBC65F-30A7-428D-82F8-F37826B947A9}
	EndGlobalSection
EndGlobal
